// !$*UTF8*$!
{
	archiveVersion = 1;
	classes = {
	};
	objectVersion = 77;
	objects = {

/* Begin PBXContainerItemProxy section */
		6933F1D1304E544400F3D4E6 /* PBXContainerItemProxy */ = {
			isa = PBXContainerItemProxy;
			containerPortal = 6933F1BB304E544300F3D4E6 /* Project object */;
			proxyType = 1;
			remoteGlobalIDString = 6933F1C2304E544300F3D4E6;
			remoteInfo = "snow-fall-animation";
		};
		6933F1DB304E544400F3D4E6 /* PBXContainerItemProxy */ = {
			isa = PBXContainerItemProxy;
			containerPortal = 6933F1BB304E544300F3D4E6 /* Project object */;
			proxyType = 1;
			remoteGlobalIDString = 6933F1C2304E544300F3D4E6;
			remoteInfo = "snow-fall-animation";
		};
/* End PBXContainerItemProxy section */

/* Begin PBXFileReference section */
		6933F1C3304E544300F3D4E6 /* snow-fall-animation.app */ = {isa = PBXFileReference; explicitFileType = wrapper.application; includeInIndex = 0; path = "snow-fall-animation.app"; sourceTree = BUILT_PRODUCTS_DIR; };
		6933F1D0304E544400F3D4E6 /* snow-fall-animationTests.xctest */ = {isa = PBXFileReference; explicitFileType = wrapper.cfbundle; includeInIndex = 0; path = "snow-fall-animationTests.xctest"; sourceTree = BUILT_PRODUCTS_DIR; };
		6933F1DA304E544400F3D4E6 /* snow-fall-animationUITests.xctest */ = {isa = PBXFileReference; explicitFileType = wrapper.cfbundle; includeInIndex = 0; path = "snow-fall-animationUITests.xctest"; sourceTree = BUILT_PRODUCTS_DIR; };
/* End PBXFileReference section */

/* Begin PBXFileSystemSynchronizedRootGroup section */
		6933F1C5304E544300F3D4E6 /* snow-fall-animation */ = {
			isa = PBXFileSystemSynchronizedRootGroup;
			path = "snow-fall-animation";
			sourceTree = "<group>";
		};
		6933F1D3304E544400F3D4E6 /* snow-fall-animationTests */ = {
			isa = PBXFileSystemSynchronizedRootGroup;
			path = "snow-fall-animationTests";
			sourceTree = "<group>";
		};
		6933F1DD304E544400F3D4E6 /* snow-fall-animationUITests */ = {
			isa = PBXFileSystemSynchronizedRootGroup;
			path = "snow-fall-animationUITests";
			sourceTree = "<group>";
		};
/* End PBXFileSystemSynchronizedRootGroup section */

/* Begin PBXFrameworksBuildPhase section */
		6933F1C0304E544300F3D4E6 /* Frameworks */ = {
			isa = PBXFrameworksBuildPhase;
			buildActionMask = 2147483647;
			files = (
			);
			runOnlyForDeploymentPostprocessing = 0;
		};
		6933F1CD304E544400F3D4E6 /* Frameworks */ = {
			isa = PBXFrameworksBuildPhase;
			buildActionMask = 2147483647;
			files = (
			);
			runOnlyForDeploymentPostprocessing = 0;
		};
		6933F1D7304E544400F3D4E6 /* Frameworks */ = {
			isa = PBXFrameworksBuildPhase;
			buildActionMask = 2147483647;
			files = (
			);
			runOnlyForDeploymentPostprocessing = 0;
		};
/* End PBXFrameworksBuildPhase section */

/* Begin PBXGroup section */
		6933F1BA304E544300F3D4E6 = {
			isa = PBXGroup;
			children = (
				6933F1C5304E544300F3D4E6 /* snow-fall-animation */,
				6933F1D3304E544400F3D4E6 /* snow-fall-animationTests */,
				6933F1DD304E544400F3D4E6 /* snow-fall-animationUITests */,
				6933F1C4304E544300F3D4E6 /* Products */,
			);
			sourceTree = "<group>";
		};
		6933F1C4304E544300F3D4E6 /* Products */ = {
			isa = PBXGroup;
			children = (
				6933F1C3304E544300F3D4E6 /* snow-fall-animation.app */,
				6933F1D0304E544400F3D4E6 /* snow-fall-animationTests.xctest */,
				6933F1DA304E544400F3D4E6 /* snow-fall-animationUITests.xctest */,
			);
			name = Products;
			sourceTree = "<group>";
		};
/* End PBXGroup section */

/* Begin PBXNativeTarget section */
		6933F1C2304E544300F3D4E6 /* snow-fall-animation */ = {
			isa = PBXNativeTarget;
			buildConfigurationList = 6933F1E4304E544400F3D4E6 /* Build configuration list for PBXNativeTarget "snow-fall-animation" */;
			buildPhases = (
				6933F1BF304E544300F3D4E6 /* Sources */,
				6933F1C0304E544300F3D4E6 /* Frameworks */,
				6933F1C1304E544300F3D4E6 /* Resources */,
			);
			buildRules = (
			);
			dependencies = (
			);
			fileSystemSynchronizedGroups = (
				6933F1C5304E544300F3D4E6 /* snow-fall-animation */,
			);
			name = "snow-fall-animation";
			packageProductDependencies = (
			);
			productName = "snow-fall-animation";
			productReference = 6933F1C3304E544300F3D4E6 /* snow-fall-animation.app */;
			productType = "com.apple.product-type.application";
		};
		6933F1CF304E544400F3D4E6 /* snow-fall-animationTests */ = {
			isa = PBXNativeTarget;
			buildConfigurationList = 6933F1E7304E544400F3D4E6 /* Build configuration list for PBXNativeTarget "snow-fall-animationTests" */;
			buildPhases = (
				6933F1CC304E544400F3D4E6 /* Sources */,
				6933F1CD304E544400F3D4E6 /* Frameworks */,
				6933F1CE304E544400F3D4E6 /* Resources */,
			);
			buildRules = (
			);
			dependencies = (
				6933F1D2304E544400F3D4E6 /* PBXTargetDependency */,
			);
			fileSystemSynchronizedGroups = (
				6933F1D3304E544400F3D4E6 /* snow-fall-animationTests */,
			);
			name = "snow-fall-animationTests";
			packageProductDependencies = (
			);
			productName = "snow-fall-animationTests";
			productReference = 6933F1D0304E544400F3D4E6 /* snow-fall-animationTests.xctest */;
			productType = "com.apple.product-type.bundle.unit-test";
		};
		6933F1D9304E544400F3D4E6 /* snow-fall-animationUITests */ = {
			isa = PBXNativeTarget;
			buildConfigurationList = 6933F1EA304E544400F3D4E6 /* Build configuration list for PBXNativeTarget "snow-fall-animationUITests" */;
			buildPhases = (
				6933F1D6304E544400F3D4E6 /* Sources */,
				6933F1D7304E544400F3D4E6 /* Frameworks */,
				6933F1D8304E544400F3D4E6 /* Resources */,
			);
			buildRules = (
			);
			dependencies = (
				6933F1DC304E544400F3D4E6 /* PBXTargetDependency */,
			);
			fileSystemSynchronizedGroups = (
				6933F1DD304E544400F3D4E6 /* snow-fall-animationUITests */,
			);
			name = "snow-fall-animationUITests";
			packageProductDependencies = (
			);
			productName = "snow-fall-animationUITests";
			productReference = 6933F1DA304E544400F3D4E6 /* snow-fall-animationUITests.xctest */;
			productType = "com.apple.product-type.bundle.ui-testing";
		};
/* End PBXNativeTarget section */

/* Begin PBXProject section */
		6933F1BB304E544300F3D4E6 /* Project object */ = {
			isa = PBXProject;
			attributes = {
				BuildIndependentTargetsInParallel = 1;
				LastSwiftUpdateCheck = 2630;
				LastUpgradeCheck = 2630;
				TargetAttributes = {
					6933F1C2304E544300F3D4E6 = {
						CreatedOnToolsVersion = 26.3;
					};
					6933F1CF304E544400F3D4E6 = {
						CreatedOnToolsVersion = 26.3;
						TestTargetID = 6933F1C2304E544300F3D4E6;
					};
					6933F1D9304E544400F3D4E6 = {
						CreatedOnToolsVersion = 26.3;
						TestTargetID = 6933F1C2304E544300F3D4E6;
					};
				};
			};
			buildConfigurationList = 6933F1BE304E544300F3D4E6 /* Build configuration list for PBXProject "snow-fall-animation" */;
			developmentRegion = en;
			hasScannedForEncodings = 0;
			knownRegions = (
				en,
				Base,
			);
			mainGroup = 6933F1BA304E544300F3D4E6;
			minimizedProjectReferenceProxies = 1;
			preferredProjectObjectVersion = 77;
			productRefGroup = 6933F1C4304E544300F3D4E6 /* Products */;
			projectDirPath = "";
			projectRoot = "";
			targets = (
				6933F1C2304E544300F3D4E6 /* snow-fall-animation */,
				6933F1CF304E544400F3D4E6 /* snow-fall-animationTests */,
				6933F1D9304E544400F3D4E6 /* snow-fall-animationUITests */,
			);
		};
/* End PBXProject section */

/* Begin PBXResourcesBuildPhase section */
		6933F1C1304E544300F3D4E6 /* Resources */ = {
			isa = PBXResourcesBuildPhase;
			buildActionMask = 2147483647;
			files = (
			);
			runOnlyForDeploymentPostprocessing = 0;
		};
		6933F1CE304E544400F3D4E6 /* Resources */ = {
			isa = PBXResourcesBuildPhase;
			buildActionMask = 2147483647;
			files = (
			);
			runOnlyForDeploymentPostprocessing = 0;
		};
		6933F1D8304E544400F3D4E6 /* Resources */ = {
			isa = PBXResourcesBuildPhase;
			buildActionMask = 2147483647;
			files = (
			);
			runOnlyForDeploymentPostprocessing = 0;
		};
/* End PBXResourcesBuildPhase section */

/* Begin PBXSourcesBuildPhase section */
		6933F1BF304E544300F3D4E6 /* Sources */ = {
			isa = PBXSourcesBuildPhase;
			buildActionMask = 2147483647;
			files = (
			);
			runOnlyForDeploymentPostprocessing = 0;
		};
		6933F1CC304E544400F3D4E6 /* Sources */ = {
			isa = PBXSourcesBuildPhase;
			buildActionMask = 2147483647;
			files = (
			);
			runOnlyForDeploymentPostprocessing = 0;
		};
		6933F1D6304E544400F3D4E6 /* Sources */ = {
			isa = PBXSourcesBuildPhase;
			buildActionMask = 2147483647;
			files = (
			);
			runOnlyForDeploymentPostprocessing = 0;
		};
/* End PBXSourcesBuildPhase section */

/* Begin PBXTargetDependency section */
		6933F1D2304E544400F3D4E6 /* PBXTargetDependency */ = {
			isa = PBXTargetDependency;
			target = 6933F1C2304E544300F3D4E6 /* snow-fall-animation */;
			targetProxy = 6933F1D1304E544400F3D4E6 /* PBXContainerItemProxy */;
		};
		6933F1DC304E544400F3D4E6 /* PBXTargetDependency */ = {
			isa = PBXTargetDependency;
			target = 6933F1C2304E544300F3D4E6 /* snow-fall-animation */;
			targetProxy = 6933F1DB304E544400F3D4E6 /* PBXContainerItemProxy */;
		};
/* End PBXTargetDependency section */

/* Begin XCBuildConfiguration section */
		6933F1E2304E544400F3D4E6 /* Debug */ = {
			isa = XCBuildConfiguration;
			buildSettings = {
				ALWAYS_SEARCH_USER_PATHS = NO;
				ASSETCATALOG_COMPILER_GENERATE_SWIFT_ASSET_SYMBOL_EXTENSIONS = YES;
				CLANG_ANALYZER_NONNULL = YES;
				CLANG_ANALYZER_NUMBER_OBJECT_CONVERSION = YES_AGGRESSIVE;
				CLANG_CXX_LANGUAGE_STANDARD = "gnu++20";
				CLANG_ENABLE_MODULES = YES;
				CLANG_ENABLE_OBJC_ARC = YES;
				CLANG_ENABLE_OBJC_WEAK = YES;
				CLANG_WARN_BLOCK_CAPTURE_AUTORELEASING = YES;
				CLANG_WARN_BOOL_CONVERSION = YES;
				CLANG_WARN_COMMA = YES;
				CLANG_WARN_CONSTANT_CONVERSION = YES;
				CLANG_WARN_DEPRECATED_OBJC_IMPLEMENTATIONS = YES;
				CLANG_WARN_DIRECT_OBJC_ISA_USAGE = YES_ERROR;
				CLANG_WARN_DOCUMENTATION_COMMENTS = YES;
				CLANG_WARN_EMPTY_BODY = YES;
				CLANG_WARN_ENUM_CONVERSION = YES;
				CLANG_WARN_INFINITE_RECURSION = YES;
				CLANG_WARN_INT_CONVERSION = YES;
				CLANG_WARN_NON_LITERAL_NULL_CONVERSION = YES;
				CLANG_WARN_OBJC_IMPLICIT_RETAIN_SELF = YES;
				CLANG_WARN_OBJC_LITERAL_CONVERSION = YES;
				CLANG_WARN_OBJC_ROOT_CLASS = YES_ERROR;
				CLANG_WARN_QUOTED_INCLUDE_IN_FRAMEWORK_HEADER = YES;
				CLANG_WARN_RANGE_LOOP_ANALYSIS = YES;
				CLANG_WARN_STRICT_PROTOTYPES = YES;
				CLANG_WARN_SUSPICIOUS_MOVE = YES;
				CLANG_WARN_UNGUARDED_AVAILABILITY = YES_AGGRESSIVE;
				CLANG_WARN_UNREACHABLE_CODE = YES;
				CLANG_WARN__DUPLICATE_METHOD_MATCH = YES;
				COPY_PHASE_STRIP = NO;
				DEBUG_INFORMATION_FORMAT = dwarf;
				ENABLE_STRICT_OBJC_MSGSEND = YES;
				ENABLE_TESTABILITY = YES;
				ENABLE_USER_SCRIPT_SANDBOXING = YES;
				GCC_C_LANGUAGE_STANDARD = gnu17;
				GCC_DYNAMIC_NO_PIC = NO;
				GCC_NO_COMMON_BLOCKS = YES;
				GCC_OPTIMIZATION_LEVEL = 0;
				GCC_PREPROCESSOR_DEFINITIONS = (
					"DEBUG=1",
					"$(inherited)",
				);
				GCC_WARN_64_TO_32_BIT_CONVERSION = YES;
				GCC_WARN_ABOUT_RETURN_TYPE = YES_ERROR;
				GCC_WARN_UNDECLARED_SELECTOR = YES;
				GCC_WARN_UNINITIALIZED_AUTOS = YES_AGGRESSIVE;
				GCC_WARN_UNUSED_FUNCTION = YES;
				GCC_WARN_UNUSED_VARIABLE = YES;
				IPHONEOS_DEPLOYMENT_TARGET = 26.2;
				LOCALIZATION_PREFERS_STRING_CATALOGS = YES;
				MTL_ENABLE_DEBUG_INFO = INCLUDE_SOURCE;
				MTL_FAST_MATH = YES;
				ONLY_ACTIVE_ARCH = YES;
				SDKROOT = iphoneos;
				SWIFT_ACTIVE_COMPILATION_CONDITIONS = "DEBUG $(inherited)";
				SWIFT_OPTIMIZATION_LEVEL = "-Onone";
			};
			name = Debug;
		};
		6933F1E3304E544400F3D4E6 /* Release */ = {
			isa = XCBuildConfiguration;
			buildSettings = {
				ALWAYS_SEARCH_USER_PATHS = NO;
				ASSETCATALOG_COMPILER_GENERATE_SWIFT_ASSET_SYMBOL_EXTENSIONS = YES;
				CLANG_ANALYZER_NONNULL = YES;
				CLANG_ANALYZER_NUMBER_OBJECT_CONVERSION = YES_AGGRESSIVE;
				CLANG_CXX_LANGUAGE_STANDARD = "gnu++20";
				CLANG_ENABLE_MODULES = YES;
				CLANG_ENABLE_OBJC_ARC = YES;
				CLANG_ENABLE_OBJC_WEAK = YES;
				CLANG_WARN_BLOCK_CAPTURE_AUTORELEASING = YES;
				CLANG_WARN_BOOL_CONVERSION = YES;
				CLANG_WARN_COMMA = YES;
				CLANG_WARN_CONSTANT_CONVERSION = YES;
				CLANG_WARN_DEPRECATED_OBJC_IMPLEMENTATIONS = YES;
				CLANG_WARN_DIRECT_OBJC_ISA_USAGE = YES_ERROR;
				CLANG_WARN_DOCUMENTATION_COMMENTS = YES;
				CLANG_WARN_EMPTY_BODY = YES;
				CLANG_WARN_ENUM_CONVERSION = YES;
				CLANG_WARN_INFINITE_RECURSION = YES;
				CLANG_WARN_INT_CONVERSION = YES;
				CLANG_WARN_NON_LITERAL_NULL_CONVERSION = YES;
				CLANG_WARN_OBJC_IMPLICIT_RETAIN_SELF = YES;
				CLANG_WARN_OBJC_LITERAL_CONVERSION = YES;
				CLANG_WARN_OBJC_ROOT_CLASS = YES_ERROR;
				CLANG_WARN_QUOTED_INCLUDE_IN_FRAMEWORK_HEADER = YES;
				CLANG_WARN_RANGE_LOOP_ANALYSIS = YES;
				CLANG_WARN_STRICT_PROTOTYPES = YES;
				CLANG_WARN_SUSPICIOUS_MOVE = YES;
				CLANG_WARN_UNGUARDED_AVAILABILITY = YES_AGGRESSIVE;
				CLANG_WARN_UNREACHABLE_CODE = YES;
				CLANG_WARN__DUPLICATE_METHOD_MATCH = YES;
				COPY_PHASE_STRIP = NO;
				DEBUG_INFORMATION_FORMAT = "dwarf-with-dsym";
				ENABLE_NS_ASSERTIONS = NO;
				ENABLE_STRICT_OBJC_MSGSEND = YES;
				ENABLE_USER_SCRIPT_SANDBOXING = YES;
				GCC_C_LANGUAGE_STANDARD = gnu17;
				GCC_NO_COMMON_BLOCKS = YES;
				GCC_WARN_64_TO_32_BIT_CONVERSION = YES;
				GCC_WARN_ABOUT_RETURN_TYPE = YES_ERROR;
				GCC_WARN_UNDECLARED_SELECTOR = YES;
				GCC_WARN_UNINITIALIZED_AUTOS = YES_AGGRESSIVE;
				GCC_WARN_UNUSED_FUNCTION = YES;
				GCC_WARN_UNUSED_VARIABLE = YES;
				IPHONEOS_DEPLOYMENT_TARGET = 26.2;
				LOCALIZATION_PREFERS_STRING_CATALOGS = YES;
				MTL_ENABLE_DEBUG_INFO = NO;
				MTL_FAST_MATH = YES;
				SDKROOT = iphoneos;
				SWIFT_COMPILATION_MODE = wholemodule;
				VALIDATE_PRODUCT = YES;
			};
			name = Release;
		};
		6933F1E5304E544400F3D4E6 /* Debug */ = {
			isa = XCBuildConfiguration;
			buildSettings = {
				ASSETCATALOG_COMPILER_APPICON_NAME = AppIcon;
				ASSETCATALOG_COMPILER_GLOBAL_ACCENT_COLOR_NAME = AccentColor;
				CODE_SIGN_STYLE = Automatic;
				CURRENT_PROJECT_VERSION = 1;
				ENABLE_PREVIEWS = YES;
				GENERATE_INFOPLIST_FILE = YES;
				INFOPLIST_KEY_UIApplicationSceneManifest_Generation = YES;
				INFOPLIST_KEY_UIApplicationSupportsIndirectInputEvents = YES;
				INFOPLIST_KEY_UILaunchScreen_Generation = YES;
				INFOPLIST_KEY_UISupportedInterfaceOrientations_iPad = "UIInterfaceOrientationPortrait UIInterfaceOrientationPortraitUpsideDown UIInterfaceOrientationLandscapeLeft UIInterfaceOrientationLandscapeRight";
				INFOPLIST_KEY_UISupportedInterfaceOrientations_iPhone = "UIInterfaceOrientationPortrait UIInterfaceOrientationLandscapeLeft UIInterfaceOrientationLandscapeRight";
				LD_RUNPATH_SEARCH_PATHS = (
					"$(inherited)",
					"@executable_path/Frameworks",
				);
				MARKETING_VERSION = 1.0;
				PRODUCT_BUNDLE_IDENTIFIER = "io.jay.snow-fall-animation";
				PRODUCT_NAME = "$(TARGET_NAME)";
				STRING_CATALOG_GENERATE_SYMBOLS = YES;
				SWIFT_APPROACHABLE_CONCURRENCY = YES;
				SWIFT_DEFAULT_ACTOR_ISOLATION = MainActor;
				SWIFT_EMIT_LOC_STRINGS = YES;
				SWIFT_UPCOMING_FEATURE_MEMBER_IMPORT_VISIBILITY = YES;
				SWIFT_VERSION = 5.0;
				TARGETED_DEVICE_FAMILY = "1,2";
			};
			name = Debug;
		};
		6933F1E6304E544400F3D4E6 /* Release */ = {
			isa = XCBuildConfiguration;
			buildSettings = {
				ASSETCATALOG_COMPILER_APPICON_NAME = AppIcon;
				ASSETCATALOG_COMPILER_GLOBAL_ACCENT_COLOR_NAME = AccentColor;
				CODE_SIGN_STYLE = Automatic;
				CURRENT_PROJECT_VERSION = 1;
				ENABLE_PREVIEWS = YES;
				GENERATE_INFOPLIST_FILE = YES;
				INFOPLIST_KEY_UIApplicationSceneManifest_Generation = YES;
				INFOPLIST_KEY_UIApplicationSupportsIndirectInputEvents = YES;
				INFOPLIST_KEY_UILaunchScreen_Generation = YES;
				INFOPLIST_KEY_UISupportedInterfaceOrientations_iPad = "UIInterfaceOrientationPortrait UIInterfaceOrientationPortraitUpsideDown UIInterfaceOrientationLandscapeLeft UIInterfaceOrientationLandscapeRight";
				INFOPLIST_KEY_UISupportedInterfaceOrientations_iPhone = "UIInterfaceOrientationPortrait UIInterfaceOrientationLandscapeLeft UIInterfaceOrientationLandscapeRight";
				LD_RUNPATH_SEARCH_PATHS = (
					"$(inherited)",
					"@executable_path/Frameworks",
				);
				MARKETING_VERSION = 1.0;
				PRODUCT_BUNDLE_IDENTIFIER = "io.jay.snow-fall-animation";
				PRODUCT_NAME = "$(TARGET_NAME)";
				STRING_CATALOG_GENERATE_SYMBOLS = YES;
				SWIFT_APPROACHABLE_CONCURRENCY = YES;
				SWIFT_DEFAULT_ACTOR_ISOLATION = MainActor;
				SWIFT_EMIT_LOC_STRINGS = YES;
				SWIFT_UPCOMING_FEATURE_MEMBER_IMPORT_VISIBILITY = YES;
				SWIFT_VERSION = 5.0;
				TARGETED_DEVICE_FAMILY = "1,2";
			};
			name = Release;
		};
		6933F1E8304E544400F3D4E6 /* Debug */ = {
			isa = XCBuildConfiguration;
			buildSettings = {
				BUNDLE_LOADER = "$(TEST_HOST)";
				CODE_SIGN_STYLE = Automatic;
				CURRENT_PROJECT_VERSION = 1;
				GENERATE_INFOPLIST_FILE = YES;
				IPHONEOS_DEPLOYMENT_TARGET = 26.2;
				MARKETING_VERSION = 1.0;
				PRODUCT_BUNDLE_IDENTIFIER = "io.jay.snow-fall-animationTests";
				PRODUCT_NAME = "$(TARGET_NAME)";
				STRING_CATALOG_GENERATE_SYMBOLS = NO;
				SWIFT_APPROACHABLE_CONCURRENCY = YES;
				SWIFT_EMIT_LOC_STRINGS = NO;
				SWIFT_UPCOMING_FEATURE_MEMBER_IMPORT_VISIBILITY = YES;
				SWIFT_VERSION = 5.0;
				TARGETED_DEVICE_FAMILY = "1,2";
				TEST_HOST = "$(BUILT_PRODUCTS_DIR)/snow-fall-animation.app/$(BUNDLE_EXECUTABLE_FOLDER_PATH)/snow-fall-animation";
			};
			name = Debug;
		};
		6933F1E9304E544400F3D4E6 /* Release */ = {
			isa = XCBuildConfiguration;
			buildSettings = {
				BUNDLE_LOADER = "$(TEST_HOST)";
				CODE_SIGN_STYLE = Automatic;
				CURRENT_PROJECT_VERSION = 1;
				GENERATE_INFOPLIST_FILE = YES;
				IPHONEOS_DEPLOYMENT_TARGET = 26.2;
				MARKETING_VERSION = 1.0;
				PRODUCT_BUNDLE_IDENTIFIER = "io.jay.snow-fall-animationTests";
				PRODUCT_NAME = "$(TARGET_NAME)";
				STRING_CATALOG_GENERATE_SYMBOLS = NO;
				SWIFT_APPROACHABLE_CONCURRENCY = YES;
				SWIFT_EMIT_LOC_STRINGS = NO;
				SWIFT_UPCOMING_FEATURE_MEMBER_IMPORT_VISIBILITY = YES;
				SWIFT_VERSION = 5.0;
				TARGETED_DEVICE_FAMILY = "1,2";
				TEST_HOST = "$(BUILT_PRODUCTS_DIR)/snow-fall-animation.app/$(BUNDLE_EXECUTABLE_FOLDER_PATH)/snow-fall-animation";
			};
			name = Release;
		};
		6933F1EB304E544400F3D4E6 /* Debug */ = {
			isa = XCBuildConfiguration;
			buildSettings = {
				CODE_SIGN_STYLE = Automatic;
				CURRENT_PROJECT_VERSION = 1;
				GENERATE_INFOPLIST_FILE = YES;
				MARKETING_VERSION = 1.0;
				PRODUCT_BUNDLE_IDENTIFIER = "io.jay.snow-fall-animationUITests";
				PRODUCT_NAME = "$(TARGET_NAME)";
				STRING_CATALOG_GENERATE_SYMBOLS = NO;
				SWIFT_APPROACHABLE_CONCURRENCY = YES;
				SWIFT_EMIT_LOC_STRINGS = NO;
				SWIFT_UPCOMING_FEATURE_MEMBER_IMPORT_VISIBILITY = YES;
				SWIFT_VERSION = 5.0;
				TARGETED_DEVICE_FAMILY = "1,2";
				TEST_TARGET_NAME = "snow-fall-animation";
			};
			name = Debug;
		};
		6933F1EC304E544400F3D4E6 /* Release */ = {
			isa = XCBuildConfiguration;
			buildSettings = {
				CODE_SIGN_STYLE = Automatic;
				CURRENT_PROJECT_VERSION = 1;
				GENERATE_INFOPLIST_FILE = YES;
				MARKETING_VERSION = 1.0;
				PRODUCT_BUNDLE_IDENTIFIER = "io.jay.snow-fall-animationUITests";
				PRODUCT_NAME = "$(TARGET_NAME)";
				STRING_CATALOG_GENERATE_SYMBOLS = NO;
				SWIFT_APPROACHABLE_CONCURRENCY = YES;
				SWIFT_EMIT_LOC_STRINGS = NO;
				SWIFT_UPCOMING_FEATURE_MEMBER_IMPORT_VISIBILITY = YES;
				SWIFT_VERSION = 5.0;
				TARGETED_DEVICE_FAMILY = "1,2";
				TEST_TARGET_NAME = "snow-fall-animation";
			};
			name = Release;
		};
/* End XCBuildConfiguration section */

/* Begin XCConfigurationList section */
		6933F1BE304E544300F3D4E6 /* Build configuration list for PBXProject "snow-fall-animation" */ = {
			isa = XCConfigurationList;
			buildConfigurations = (
				6933F1E2304E544400F3D4E6 /* Debug */,
				6933F1E3304E544400F3D4E6 /* Release */,
			);
			defaultConfigurationIsVisible = 0;
			defaultConfigurationName = Release;
		};
		6933F1E4304E544400F3D4E6 /* Build configuration list for PBXNativeTarget "snow-fall-animation" */ = {
			isa = XCConfigurationList;
			buildConfigurations = (
				6933F1E5304E544400F3D4E6 /* Debug */,
				6933F1E6304E544400F3D4E6 /* Release */,
			);
			defaultConfigurationIsVisible = 0;
			defaultConfigurationName = Release;
		};
		6933F1E7304E544400F3D4E6 /* Build configuration list for PBXNativeTarget "snow-fall-animationTests" */ = {
			isa = XCConfigurationList;
			buildConfigurations = (
				6933F1E8304E544400F3D4E6 /* Debug */,
				6933F1E9304E544400F3D4E6 /* Release */,
			);
			defaultConfigurationIsVisible = 0;
			defaultConfigurationName = Release;
		};
		6933F1EA304E544400F3D4E6 /* Build configuration list for PBXNativeTarget "snow-fall-animationUITests" */ = {
			isa = XCConfigurationList;
			buildConfigurations = (
				6933F1EB304E544400F3D4E6 /* Debug */,
				6933F1EC304E544400F3D4E6 /* Release */,
			);
			defaultConfigurationIsVisible = 0;
			defaultConfigurationName = Release;
		};
/* End XCConfigurationList section */
	};
	rootObject = 6933F1BB304E544300F3D4E6 /* Project object */;
}
